
Microsoft Visual Studio Solution File, Format Version 12.00
# Visual Studio Version 16
VisualStudioVersion = 16.0.31729.503
MinimumVisualStudioVersion = 10.0.40219.1
Project("{FAE04EC0-301F-11D3-BF4B-00C04F79EFBC}") = "MILESTONE 3", "MILESTONE 3\MILESTONE 3.csproj", "{196C8430-1928-4609-95B5-1FF77B25952C}"
EndProject
Global
	GlobalSection(SolutionConfigurationPlatforms) = preSolution
		Debug|Any CPU = Debug|Any CPU
		Release|Any CPU = Release|Any CPU
	EndGlobalSection
	GlobalSection(ProjectConfigurationPlatforms) = postSolution
		{196C8430-1928-4609-95B5-1FF77B25952C}.Debug|Any CPU.ActiveCfg = Debug|Any CPU
		{196C8430-1928-4609-95B5-1FF77B25952C}.Debug|Any CPU.Build.0 = Debug|Any CPU
		{196C8430-1928-4609-95B5-1FF77B25952C}.Release|Any CPU.ActiveCfg = Release|Any CPU
		{196C8430-1928-4609-95B5-1FF77B25952C}.Release|Any CPU.Build.0 = Release|Any CPU
	EndGlobalSection
	GlobalSection(SolutionProperties) = preSolution
		HideSolutionNode = FALSE
	EndGlobalSection
	GlobalSection(ExtensibilityGlobals) = postSolution
		SolutionGuid = {87EB68EC-50A6-4A9D-9051-BC33A5686818}
	EndGlobalSection
EndGlobal
